{
  "name": "parallel",
  "version": "1.0.0",
  "lockfileVersion": 1,
  "requires": true,
  "dependencies": {
    "p5": {
      "version": "0.7.1",
      "resolved": "https://registry.npmjs.org/p5/-/p5-0.7.1.tgz",
      "integrity": "sha512-8/bB0k7iR5UxR9QhmqIIFIIZ45WCxxKm15ns0iR3wnV3o6skyiNrcW+mF1DO6HsouSDayR2/70IyDwUZE/2YDQ=="
    },
    "paralleljs": {
      "version": "0.2.1",
      "resolved": "https://registry.npmjs.org/paralleljs/-/paralleljs-0.2.1.tgz",
      "integrity": "sha1-68p0XT4JwB4r68wUhYiR/0UQ6SY="
    }
  }
}
